// !$*UTF8*$!
{
	archiveVersion = 1;
	classes = {
	};
	objectVersion = 50;
	objects = {

/* Begin PBXBuildFile section */
		F95EE1AF21AB1D45001DC77C /* AppDelegate.swift in Sources */ = {isa = PBXBuildFile; fileRef = F95EE1AE21AB1D45001DC77C /* AppDelegate.swift */; };
		F95EE1B121AB1D45001DC77C /* ViewController.swift in Sources */ = {isa = PBXBuildFile; fileRef = F95EE1B021AB1D45001DC77C /* ViewController.swift */; };
		F95EE1B421AB1D45001DC77C /* Main.storyboard in Resources */ = {isa = PBXBuildFile; fileRef = F95EE1B221AB1D45001DC77C /* Main.storyboard */; };
		F95EE1B621AB1D50001DC77C /* Assets.xcassets in Resources */ = {isa = PBXBuildFile; fileRef = F95EE1B521AB1D50001DC77C /* Assets.xcassets */; };
		F95EE1B921AB1D50001DC77C /* LaunchScreen.storyboard in Resources */ = {isa = PBXBuildFile; fileRef = F95EE1B721AB1D50001DC77C /* LaunchScreen.storyboard */; };
		F95EE1C421AB1D50001DC77C /* myappTests.swift in Sources */ = {isa = PBXBuildFile; fileRef = F95EE1C321AB1D50001DC77C /* myappTests.swift */; };
		F95EE1CF21AB1D50001DC77C /* myappUITests.swift in Sources */ = {isa = PBXBuildFile; fileRef = F95EE1CE21AB1D50001DC77C /* myappUITests.swift */; };
		F95EE1DE21AB1E56001DC77C /* CoreLocation.framework in Frameworks */ = {isa = PBXBuildFile; fileRef = F95EE1DD21AB1E56001DC77C /* CoreLocation.framework */; };
/* End PBXBuildFile section */

/* Begin PBXContainerItemProxy section */
		F95EE1C021AB1D50001DC77C /* PBXContainerItemProxy */ = {
			isa = PBXContainerItemProxy;
			containerPortal = F95EE1A321AB1D45001DC77C /* Project object */;
			proxyType = 1;
			remoteGlobalIDString = F95EE1AA21AB1D45001DC77C;
			remoteInfo = myapp;
		};
		F95EE1CB21AB1D50001DC77C /* PBXContainerItemProxy */ = {
			isa = PBXContainerItemProxy;
			containerPortal = F95EE1A321AB1D45001DC77C /* Project object */;
			proxyType = 1;
			remoteGlobalIDString = F95EE1AA21AB1D45001DC77C;
			remoteInfo = myapp;
		};
/* End PBXContainerItemProxy section */

/* Begin PBXFileReference section */
		F95EE1AB21AB1D45001DC77C /* myapp.app */ = {isa = PBXFileReference; explicitFileType = wrapper.application; includeInIndex = 0; path = myapp.app; sourceTree = BUILT_PRODUCTS_DIR; };
		F95EE1AE21AB1D45001DC77C /* AppDelegate.swift */ = {isa = PBXFileReference; lastKnownFileType = sourcecode.swift; path = AppDelegate.swift; sourceTree = "<group>"; };
		F95EE1B021AB1D45001DC77C /* ViewController.swift */ = {isa = PBXFileReference; lastKnownFileType = sourcecode.swift; path = ViewController.swift; sourceTree = "<group>"; };
		F95EE1B321AB1D45001DC77C /* Base */ = {isa = PBXFileReference; lastKnownFileType = file.storyboard; name = Base; path = Base.lproj/Main.storyboard; sourceTree = "<group>"; };
		F95EE1B521AB1D50001DC77C /* Assets.xcassets */ = {isa = PBXFileReference; lastKnownFileType = folder.assetcatalog; path = Assets.xcassets; sourceTree = "<group>"; };
		F95EE1B821AB1D50001DC77C /* Base */ = {isa = PBXFileReference; lastKnownFileType = file.storyboard; name = Base; path = Base.lproj/LaunchScreen.storyboard; sourceTree = "<group>"; };
		F95EE1BA21AB1D50001DC77C /* Info.plist */ = {isa = PBXFileReference; lastKnownFileType = text.plist.xml; path = Info.plist; sourceTree = "<group>"; };
		F95EE1BF21AB1D50001DC77C /* myappTests.xctest */ = {isa = PBXFileReference; explicitFileType = wrapper.cfbundle; includeInIndex = 0; path = myappTests.xctest; sourceTree = BUILT_PRODUCTS_DIR; };
		F95EE1C321AB1D50001DC77C /* myappTests.swift */ = {isa = PBXFileReference; lastKnownFileType = sourcecode.swift; path = myappTests.swift; sourceTree = "<group>"; };
		F95EE1C521AB1D50001DC77C /* Info.plist */ = {isa = PBXFileReference; lastKnownFileType = text.plist.xml; path = Info.plist; sourceTree = "<group>"; };
		F95EE1CA21AB1D50001DC77C /* myappUITests.xctest */ = {isa = PBXFileReference; explicitFileType = wrapper.cfbundle; includeInIndex = 0; path = myappUITests.xctest; sourceTree = BUILT_PRODUCTS_DIR; };
		F95EE1CE21AB1D50001DC77C /* myappUITests.swift */ = {isa = PBXFileReference; lastKnownFileType = sourcecode.swift; path = myappUITests.swift; sourceTree = "<group>"; };
		F95EE1D021AB1D50001DC77C /* Info.plist */ = {isa = PBXFileReference; lastKnownFileType = text.plist.xml; path = Info.plist; sourceTree = "<group>"; };
		F95EE1DD21AB1E56001DC77C /* CoreLocation.framework */ = {isa = PBXFileReference; lastKnownFileType = wrapper.framework; name = CoreLocation.framework; path = System/Library/Frameworks/CoreLocation.framework; sourceTree = SDKROOT; };
/* End PBXFileReference section */

/* Begin PBXFrameworksBuildPhase section */
		F95EE1A821AB1D45001DC77C /* Frameworks */ = {
			isa = PBXFrameworksBuildPhase;
			buildActionMask = 2147483647;
			files = (
				F95EE1DE21AB1E56001DC77C /* CoreLocation.framework in Frameworks */,
			);
			runOnlyForDeploymentPostprocessing = 0;
		};
		F95EE1BC21AB1D50001DC77C /* Frameworks */ = {
			isa = PBXFrameworksBuildPhase;
			buildActionMask = 2147483647;
			files = (
			);
			runOnlyForDeploymentPostprocessing = 0;
		};
		F95EE1C721AB1D50001DC77C /* Frameworks */ = {
			isa = PBXFrameworksBuildPhase;
			buildActionMask = 2147483647;
			files = (
			);
			runOnlyForDeploymentPostprocessing = 0;
		};
/* End PBXFrameworksBuildPhase section */

/* Begin PBXGroup section */
		F95EE1A221AB1D45001DC77C = {
			isa = PBXGroup;
			children = (
				F95EE1AD21AB1D45001DC77C /* myapp */,
				F95EE1C221AB1D50001DC77C /* myappTests */,
				F95EE1CD21AB1D50001DC77C /* myappUITests */,
				F95EE1AC21AB1D45001DC77C /* Products */,
				F95EE1DC21AB1E56001DC77C /* Frameworks */,
			);
			sourceTree = "<group>";
		};
		F95EE1AC21AB1D45001DC77C /* Products */ = {
			isa = PBXGroup;
			children = (
				F95EE1AB21AB1D45001DC77C /* myapp.app */,
				F95EE1BF21AB1D50001DC77C /* myappTests.xctest */,
				F95EE1CA21AB1D50001DC77C /* myappUITests.xctest */,
			);
			name = Products;
			sourceTree = "<group>";
		};
		F95EE1AD21AB1D45001DC77C /* myapp */ = {
			isa = PBXGroup;
			children = (
				F95EE1AE21AB1D45001DC77C /* AppDelegate.swift */,
				F95EE1B021AB1D45001DC77C /* ViewController.swift */,
				F95EE1B221AB1D45001DC77C /* Main.storyboard */,
				F95EE1B521AB1D50001DC77C /* Assets.xcassets */,
				F95EE1B721AB1D50001DC77C /* LaunchScreen.storyboard */,
				F95EE1BA21AB1D50001DC77C /* Info.plist */,
			);
			path = myapp;
			sourceTree = "<group>";
		};
		F95EE1C221AB1D50001DC77C /* myappTests */ = {
			isa = PBXGroup;
			children = (
				F95EE1C321AB1D50001DC77C /* myappTests.swift */,
				F95EE1C521AB1D50001DC77C /* Info.plist */,
			);
			path = myappTests;
			sourceTree = "<group>";
		};
		F95EE1CD21AB1D50001DC77C /* myappUITests */ = {
			isa = PBXGroup;
			children = (
				F95EE1CE21AB1D50001DC77C /* myappUITests.swift */,
				F95EE1D021AB1D50001DC77C /* Info.plist */,
			);
			path = myappUITests;
			sourceTree = "<group>";
		};
		F95EE1DC21AB1E56001DC77C /* Frameworks */ = {
			isa = PBXGroup;
			children = (
				F95EE1DD21AB1E56001DC77C /* CoreLocation.framework */,
			);
			name = Frameworks;
			sourceTree = "<group>";
		};
/* End PBXGroup section */

/* Begin PBXNativeTarget section */
		F95EE1AA21AB1D45001DC77C /* myapp */ = {
			isa = PBXNativeTarget;
			buildConfigurationList = F95EE1D321AB1D50001DC77C /* Build configuration list for PBXNativeTarget "myapp" */;
			buildPhases = (
				F95EE1A721AB1D45001DC77C /* Sources */,
				F95EE1A821AB1D45001DC77C /* Frameworks */,
				F95EE1A921AB1D45001DC77C /* Resources */,
			);
			buildRules = (
			);
			dependencies = (
			);
			name = myapp;
			productName = myapp;
			productReference = F95EE1AB21AB1D45001DC77C /* myapp.app */;
			productType = "com.apple.product-type.application";
		};
		F95EE1BE21AB1D50001DC77C /* myappTests */ = {
			isa = PBXNativeTarget;
			buildConfigurationList = F95EE1D621AB1D50001DC77C /* Build configuration list for PBXNativeTarget "myappTests" */;
			buildPhases = (
				F95EE1BB21AB1D50001DC77C /* Sources */,
				F95EE1BC21AB1D50001DC77C /* Frameworks */,
				F95EE1BD21AB1D50001DC77C /* Resources */,
			);
			buildRules = (
			);
			dependencies = (
				F95EE1C121AB1D50001DC77C /* PBXTargetDependency */,
			);
			name = myappTests;
			productName = myappTests;
			productReference = F95EE1BF21AB1D50001DC77C /* myappTests.xctest */;
			productType = "com.apple.product-type.bundle.unit-test";
		};
		F95EE1C921AB1D50001DC77C /* myappUITests */ = {
			isa = PBXNativeTarget;
			buildConfigurationList = F95EE1D921AB1D50001DC77C /* Build configuration list for PBXNativeTarget "myappUITests" */;
			buildPhases = (
				F95EE1C621AB1D50001DC77C /* Sources */,
				F95EE1C721AB1D50001DC77C /* Frameworks */,
				F95EE1C821AB1D50001DC77C /* Resources */,
			);
			buildRules = (
			);
			dependencies = (
				F95EE1CC21AB1D50001DC77C /* PBXTargetDependency */,
			);
			name = myappUITests;
			productName = myappUITests;
			productReference = F95EE1CA21AB1D50001DC77C /* myappUITests.xctest */;
			productType = "com.apple.product-type.bundle.ui-testing";
		};
/* End PBXNativeTarget section */

/* Begin PBXProject section */
		F95EE1A321AB1D45001DC77C /* Project object */ = {
			isa = PBXProject;
			attributes = {
				LastSwiftUpdateCheck = 1000;
				LastUpgradeCheck = 1000;
				ORGANIZATIONNAME = Farhan;
				TargetAttributes = {
					F95EE1AA21AB1D45001DC77C = {
						CreatedOnToolsVersion = 10.0;
					};
					F95EE1BE21AB1D50001DC77C = {
						CreatedOnToolsVersion = 10.0;
						TestTargetID = F95EE1AA21AB1D45001DC77C;
					};
					F95EE1C921AB1D50001DC77C = {
						CreatedOnToolsVersion = 10.0;
						TestTargetID = F95EE1AA21AB1D45001DC77C;
					};
				};
			};
			buildConfigurationList = F95EE1A621AB1D45001DC77C /* Build configuration list for PBXProject "myapp" */;
			compatibilityVersion = "Xcode 9.3";
			developmentRegion = en;
			hasScannedForEncodings = 0;
			knownRegions = (
				en,
				Base,
			);
			mainGroup = F95EE1A221AB1D45001DC77C;
			productRefGroup = F95EE1AC21AB1D45001DC77C /* Products */;
			projectDirPath = "";
			projectRoot = "";
			targets = (
				F95EE1AA21AB1D45001DC77C /* myapp */,
				F95EE1BE21AB1D50001DC77C /* myappTests */,
				F95EE1C921AB1D50001DC77C /* myappUITests */,
			);
		};
/* End PBXProject section */

/* Begin PBXResourcesBuildPhase section */
		F95EE1A921AB1D45001DC77C /* Resources */ = {
			isa = PBXResourcesBuildPhase;
			buildActionMask = 2147483647;
			files = (
				F95EE1B921AB1D50001DC77C /* LaunchScreen.storyboard in Resources */,
				F95EE1B621AB1D50001DC77C /* Assets.xcassets in Resources */,
				F95EE1B421AB1D45001DC77C /* Main.storyboard in Resources */,
			);
			runOnlyForDeploymentPostprocessing = 0;
		};
		F95EE1BD21AB1D50001DC77C /* Resources */ = {
			isa = PBXResourcesBuildPhase;
			buildActionMask = 2147483647;
			files = (
			);
			runOnlyForDeploymentPostprocessing = 0;
		};
		F95EE1C821AB1D50001DC77C /* Resources */ = {
			isa = PBXResourcesBuildPhase;
			buildActionMask = 2147483647;
			files = (
			);
			runOnlyForDeploymentPostprocessing = 0;
		};
/* End PBXResourcesBuildPhase section */

/* Begin PBXSourcesBuildPhase section */
		F95EE1A721AB1D45001DC77C /* Sources */ = {
			isa = PBXSourcesBuildPhase;
			buildActionMask = 2147483647;
			files = (
				F95EE1B121AB1D45001DC77C /* ViewController.swift in Sources */,
				F95EE1AF21AB1D45001DC77C /* AppDelegate.swift in Sources */,
			);
			runOnlyForDeploymentPostprocessing = 0;
		};
		F95EE1BB21AB1D50001DC77C /* Sources */ = {
			isa = PBXSourcesBuildPhase;
			buildActionMask = 2147483647;
			files = (
				F95EE1C421AB1D50001DC77C /* myappTests.swift in Sources */,
			);
			runOnlyForDeploymentPostprocessing = 0;
		};
		F95EE1C621AB1D50001DC77C /* Sources */ = {
			isa = PBXSourcesBuildPhase;
			buildActionMask = 2147483647;
			files = (
				F95EE1CF21AB1D50001DC77C /* myappUITests.swift in Sources */,
			);
			runOnlyForDeploymentPostprocessing = 0;
		};
/* End PBXSourcesBuildPhase section */

/* Begin PBXTargetDependency section */
		F95EE1C121AB1D50001DC77C /* PBXTargetDependency */ = {
			isa = PBXTargetDependency;
			target = F95EE1AA21AB1D45001DC77C /* myapp */;
			targetProxy = F95EE1C021AB1D50001DC77C /* PBXContainerItemProxy */;
		};
		F95EE1CC21AB1D50001DC77C /* PBXTargetDependency */ = {
			isa = PBXTargetDependency;
			target = F95EE1AA21AB1D45001DC77C /* myapp */;
			targetProxy = F95EE1CB21AB1D50001DC77C /* PBXContainerItemProxy */;
		};
/* End PBXTargetDependency section */

/* Begin PBXVariantGroup section */
		F95EE1B221AB1D45001DC77C /* Main.storyboard */ = {
			isa = PBXVariantGroup;
			children = (
				F95EE1B321AB1D45001DC77C /* Base */,
			);
			name = Main.storyboard;
			sourceTree = "<group>";
		};
		F95EE1B721AB1D50001DC77C /* LaunchScreen.storyboard */ = {
			isa = PBXVariantGroup;
			children = (
				F95EE1B821AB1D50001DC77C /* Base */,
			);
			name = LaunchScreen.storyboard;
			sourceTree = "<group>";
		};
/* End PBXVariantGroup section */

/* Begin XCBuildConfiguration section */
		F95EE1D121AB1D50001DC77C /* Debug */ = {
			isa = XCBuildConfiguration;
			buildSettings = {
				ALWAYS_SEARCH_USER_PATHS = NO;
				CLANG_ANALYZER_NONNULL = YES;
				CLANG_ANALYZER_NUMBER_OBJECT_CONVERSION = YES_AGGRESSIVE;
				CLANG_CXX_LANGUAGE_STANDARD = "gnu++14";
				CLANG_CXX_LIBRARY = "libc++";
				CLANG_ENABLE_MODULES = YES;
				CLANG_ENABLE_OBJC_ARC = YES;
				CLANG_ENABLE_OBJC_WEAK = YES;
				CLANG_WARN_BLOCK_CAPTURE_AUTORELEASING = YES;
				CLANG_WARN_BOOL_CONVERSION = YES;
				CLANG_WARN_COMMA = YES;
				CLANG_WARN_CONSTANT_CONVERSION = YES;
				CLANG_WARN_DEPRECATED_OBJC_IMPLEMENTATIONS = YES;
				CLANG_WARN_DIRECT_OBJC_ISA_USAGE = YES_ERROR;
				CLANG_WARN_DOCUMENTATION_COMMENTS = YES;
				CLANG_WARN_EMPTY_BODY = YES;
				CLANG_WARN_ENUM_CONVERSION = YES;
				CLANG_WARN_INFINITE_RECURSION = YES;
				CLANG_WARN_INT_CONVERSION = YES;
				CLANG_WARN_NON_LITERAL_NULL_CONVERSION = YES;
				CLANG_WARN_OBJC_IMPLICIT_RETAIN_SELF = YES;
				CLANG_WARN_OBJC_LITERAL_CONVERSION = YES;
				CLANG_WARN_OBJC_ROOT_CLASS = YES_ERROR;
				CLANG_WARN_RANGE_LOOP_ANALYSIS = YES;
				CLANG_WARN_STRICT_PROTOTYPES = YES;
				CLANG_WARN_SUSPICIOUS_MOVE = YES;
				CLANG_WARN_UNGUARDED_AVAILABILITY = YES_AGGRESSIVE;
				CLANG_WARN_UNREACHABLE_CODE = YES;
				CLANG_WARN__DUPLICATE_METHOD_MATCH = YES;
				CODE_SIGN_IDENTITY = "iPhone Developer";
				COPY_PHASE_STRIP = NO;
				DEBUG_INFORMATION_FORMAT = dwarf;
				ENABLE_STRICT_OBJC_MSGSEND = YES;
				ENABLE_TESTABILITY = YES;
				GCC_C_LANGUAGE_STANDARD = gnu11;
				GCC_DYNAMIC_NO_PIC = NO;
				GCC_NO_COMMON_BLOCKS = YES;
				GCC_OPTIMIZATION_LEVEL = 0;
				GCC_PREPROCESSOR_DEFINITIONS = (
					"DEBUG=1",
					"$(inherited)",
				);
				GCC_WARN_64_TO_32_BIT_CONVERSION = YES;
				GCC_WARN_ABOUT_RETURN_TYPE = YES_ERROR;
				GCC_WARN_UNDECLARED_SELECTOR = YES;
				GCC_WARN_UNINITIALIZED_AUTOS = YES_AGGRESSIVE;
				GCC_WARN_UNUSED_FUNCTION = YES;
				GCC_WARN_UNUSED_VARIABLE = YES;
				IPHONEOS_DEPLOYMENT_TARGET = 12.0;
				MTL_ENABLE_DEBUG_INFO = INCLUDE_SOURCE;
				MTL_FAST_MATH = YES;
				ONLY_ACTIVE_ARCH = YES;
				SDKROOT = iphoneos;
				SWIFT_ACTIVE_COMPILATION_CONDITIONS = DEBUG;
				SWIFT_OPTIMIZATION_LEVEL = "-Onone";
			};
			name = Debug;
		};
		F95EE1D221AB1D50001DC77C /* Release */ = {
			isa = XCBuildConfiguration;
			buildSettings = {
				ALWAYS_SEARCH_USER_PATHS = NO;
				CLANG_ANALYZER_NONNULL = YES;
				CLANG_ANALYZER_NUMBER_OBJECT_CONVERSION = YES_AGGRESSIVE;
				CLANG_CXX_LANGUAGE_STANDARD = "gnu++14";
				CLANG_CXX_LIBRARY = "libc++";
				CLANG_ENABLE_MODULES = YES;
				CLANG_ENABLE_OBJC_ARC = YES;
				CLANG_ENABLE_OBJC_WEAK = YES;
				CLANG_WARN_BLOCK_CAPTURE_AUTORELEASING = YES;
				CLANG_WARN_BOOL_CONVERSION = YES;
				CLANG_WARN_COMMA = YES;
				CLANG_WARN_CONSTANT_CONVERSION = YES;
				CLANG_WARN_DEPRECATED_OBJC_IMPLEMENTATIONS = YES;
				CLANG_WARN_DIRECT_OBJC_ISA_USAGE = YES_ERROR;
				CLANG_WARN_DOCUMENTATION_COMMENTS = YES;
				CLANG_WARN_EMPTY_BODY = YES;
				CLANG_WARN_ENUM_CONVERSION = YES;
				CLANG_WARN_INFINITE_RECURSION = YES;
				CLANG_WARN_INT_CONVERSION = YES;
				CLANG_WARN_NON_LITERAL_NULL_CONVERSION = YES;
				CLANG_WARN_OBJC_IMPLICIT_RETAIN_SELF = YES;
				CLANG_WARN_OBJC_LITERAL_CONVERSION = YES;
				CLANG_WARN_OBJC_ROOT_CLASS = YES_ERROR;
				CLANG_WARN_RANGE_LOOP_ANALYSIS = YES;
				CLANG_WARN_STRICT_PROTOTYPES = YES;
				CLANG_WARN_SUSPICIOUS_MOVE = YES;
				CLANG_WARN_UNGUARDED_AVAILABILITY = YES_AGGRESSIVE;
				CLANG_WARN_UNREACHABLE_CODE = YES;
				CLANG_WARN__DUPLICATE_METHOD_MATCH = YES;
				CODE_SIGN_IDENTITY = "iPhone Developer";
				COPY_PHASE_STRIP = NO;
				DEBUG_INFORMATION_FORMAT = "dwarf-with-dsym";
				ENABLE_NS_ASSERTIONS = NO;
				ENABLE_STRICT_OBJC_MSGSEND = YES;
				GCC_C_LANGUAGE_STANDARD = gnu11;
				GCC_NO_COMMON_BLOCKS = YES;
				GCC_WARN_64_TO_32_BIT_CONVERSION = YES;
				GCC_WARN_ABOUT_RETURN_TYPE = YES_ERROR;
				GCC_WARN_UNDECLARED_SELECTOR = YES;
				GCC_WARN_UNINITIALIZED_AUTOS = YES_AGGRESSIVE;
				GCC_WARN_UNUSED_FUNCTION = YES;
				GCC_WARN_UNUSED_VARIABLE = YES;
				IPHONEOS_DEPLOYMENT_TARGET = 12.0;
				MTL_ENABLE_DEBUG_INFO = NO;
				MTL_FAST_MATH = YES;
				SDKROOT = iphoneos;
				SWIFT_COMPILATION_MODE = wholemodule;
				SWIFT_OPTIMIZATION_LEVEL = "-O";
				VALIDATE_PRODUCT = YES;
			};
			name = Release;
		};
		F95EE1D421AB1D50001DC77C /* Debug */ = {
			isa = XCBuildConfiguration;
			buildSettings = {
				ASSETCATALOG_COMPILER_APPICON_NAME = AppIcon;
				CODE_SIGN_STYLE = Automatic;
				INFOPLIST_FILE = myapp/Info.plist;
				LD_RUNPATH_SEARCH_PATHS = (
					"$(inherited)",
					"@executable_path/Frameworks",
				);
				PRODUCT_BUNDLE_IDENTIFIER = google.myapp;
				PRODUCT_NAME = "$(TARGET_NAME)";
				SWIFT_VERSION = 4.2;
				TARGETED_DEVICE_FAMILY = "1,2";
			};
			name = Debug;
		};
		F95EE1D521AB1D50001DC77C /* Release */ = {
			isa = XCBuildConfiguration;
			buildSettings = {
				ASSETCATALOG_COMPILER_APPICON_NAME = AppIcon;
				CODE_SIGN_STYLE = Automatic;
				INFOPLIST_FILE = myapp/Info.plist;
				LD_RUNPATH_SEARCH_PATHS = (
					"$(inherited)",
					"@executable_path/Frameworks",
				);
				PRODUCT_BUNDLE_IDENTIFIER = google.myapp;
				PRODUCT_NAME = "$(TARGET_NAME)";
				SWIFT_VERSION = 4.2;
				TARGETED_DEVICE_FAMILY = "1,2";
			};
			name = Release;
		};
		F95EE1D721AB1D50001DC77C /* Debug */ = {
			isa = XCBuildConfiguration;
			buildSettings = {
				ALWAYS_EMBED_SWIFT_STANDARD_LIBRARIES = YES;
				BUNDLE_LOADER = "$(TEST_HOST)";
				CODE_SIGN_STYLE = Automatic;
				INFOPLIST_FILE = myappTests/Info.plist;
				LD_RUNPATH_SEARCH_PATHS = (
					"$(inherited)",
					"@executable_path/Frameworks",
					"@loader_path/Frameworks",
				);
				PRODUCT_BUNDLE_IDENTIFIER = google.myappTests;
				PRODUCT_NAME = "$(TARGET_NAME)";
				SWIFT_VERSION = 4.2;
				TARGETED_DEVICE_FAMILY = "1,2";
				TEST_HOST = "$(BUILT_PRODUCTS_DIR)/myapp.app/myapp";
			};
			name = Debug;
		};
		F95EE1D821AB1D50001DC77C /* Release */ = {
			isa = XCBuildConfiguration;
			buildSettings = {
				ALWAYS_EMBED_SWIFT_STANDARD_LIBRARIES = YES;
				BUNDLE_LOADER = "$(TEST_HOST)";
				CODE_SIGN_STYLE = Automatic;
				INFOPLIST_FILE = myappTests/Info.plist;
				LD_RUNPATH_SEARCH_PATHS = (
					"$(inherited)",
					"@executable_path/Frameworks",
					"@loader_path/Frameworks",
				);
				PRODUCT_BUNDLE_IDENTIFIER = google.myappTests;
				PRODUCT_NAME = "$(TARGET_NAME)";
				SWIFT_VERSION = 4.2;
				TARGETED_DEVICE_FAMILY = "1,2";
				TEST_HOST = "$(BUILT_PRODUCTS_DIR)/myapp.app/myapp";
			};
			name = Release;
		};
		F95EE1DA21AB1D50001DC77C /* Debug */ = {
			isa = XCBuildConfiguration;
			buildSettings = {
				ALWAYS_EMBED_SWIFT_STANDARD_LIBRARIES = YES;
				CODE_SIGN_STYLE = Automatic;
				INFOPLIST_FILE = myappUITests/Info.plist;
				LD_RUNPATH_SEARCH_PATHS = (
					"$(inherited)",
					"@executable_path/Frameworks",
					"@loader_path/Frameworks",
				);
				PRODUCT_BUNDLE_IDENTIFIER = google.myappUITests;
				PRODUCT_NAME = "$(TARGET_NAME)";
				SWIFT_VERSION = 4.2;
				TARGETED_DEVICE_FAMILY = "1,2";
				TEST_TARGET_NAME = myapp;
			};
			name = Debug;
		};
		F95EE1DB21AB1D50001DC77C /* Release */ = {
			isa = XCBuildConfiguration;
			buildSettings = {
				ALWAYS_EMBED_SWIFT_STANDARD_LIBRARIES = YES;
				CODE_SIGN_STYLE = Automatic;
				INFOPLIST_FILE = myappUITests/Info.plist;
				LD_RUNPATH_SEARCH_PATHS = (
					"$(inherited)",
					"@executable_path/Frameworks",
					"@loader_path/Frameworks",
				);
				PRODUCT_BUNDLE_IDENTIFIER = google.myappUITests;
				PRODUCT_NAME = "$(TARGET_NAME)";
				SWIFT_VERSION = 4.2;
				TARGETED_DEVICE_FAMILY = "1,2";
				TEST_TARGET_NAME = myapp;
			};
			name = Release;
		};
/* End XCBuildConfiguration section */

/* Begin XCConfigurationList section */
		F95EE1A621AB1D45001DC77C /* Build configuration list for PBXProject "myapp" */ = {
			isa = XCConfigurationList;
			buildConfigurations = (
				F95EE1D121AB1D50001DC77C /* Debug */,
				F95EE1D221AB1D50001DC77C /* Release */,
			);
			defaultConfigurationIsVisible = 0;
			defaultConfigurationName = Release;
		};
		F95EE1D321AB1D50001DC77C /* Build configuration list for PBXNativeTarget "myapp" */ = {
			isa = XCConfigurationList;
			buildConfigurations = (
				F95EE1D421AB1D50001DC77C /* Debug */,
				F95EE1D521AB1D50001DC77C /* Release */,
			);
			defaultConfigurationIsVisible = 0;
			defaultConfigurationName = Release;
		};
		F95EE1D621AB1D50001DC77C /* Build configuration list for PBXNativeTarget "myappTests" */ = {
			isa = XCConfigurationList;
			buildConfigurations = (
				F95EE1D721AB1D50001DC77C /* Debug */,
				F95EE1D821AB1D50001DC77C /* Release */,
			);
			defaultConfigurationIsVisible = 0;
			defaultConfigurationName = Release;
		};
		F95EE1D921AB1D50001DC77C /* Build configuration list for PBXNativeTarget "myappUITests" */ = {
			isa = XCConfigurationList;
			buildConfigurations = (
				F95EE1DA21AB1D50001DC77C /* Debug */,
				F95EE1DB21AB1D50001DC77C /* Release */,
			);
			defaultConfigurationIsVisible = 0;
			defaultConfigurationName = Release;
		};
/* End XCConfigurationList section */
	};
	rootObject = F95EE1A321AB1D45001DC77C /* Project object */;
}
